
Microsoft Visual Studio Solution File, Format Version 12.00
Project("{FAE04EC0-301F-11D3-BF4B-00C04F79EFBC}") = "AdventuresOfWilburApi", "AdventuresOfWilburApi\AdventuresOfWilburApi.csproj", "{05113838-DA38-47CB-AF2A-C91CC19D192F}"
EndProject
Global
	GlobalSection(SolutionConfigurationPlatforms) = preSolution
		Debug|Any CPU = Debug|Any CPU
		Release|Any CPU = Release|Any CPU
	EndGlobalSection
	GlobalSection(ProjectConfigurationPlatforms) = postSolution
		{05113838-DA38-47CB-AF2A-C91CC19D192F}.Debug|Any CPU.ActiveCfg = Debug|Any CPU
		{05113838-DA38-47CB-AF2A-C91CC19D192F}.Debug|Any CPU.Build.0 = Debug|Any CPU
		{05113838-DA38-47CB-AF2A-C91CC19D192F}.Release|Any CPU.ActiveCfg = Release|Any CPU
		{05113838-DA38-47CB-AF2A-C91CC19D192F}.Release|Any CPU.Build.0 = Release|Any CPU
	EndGlobalSection
EndGlobal
